// !$*UTF8*$!
{
	archiveVersion = 1;
	classes = {
	};
	objectVersion = 48;
	objects = {

/* Begin PBXBuildFile section */
		807C059520F5111C00E56BF3 /* AppDelegate.swift in Sources */ = {isa = PBXBuildFile; fileRef = 807C059420F5111C00E56BF3 /* AppDelegate.swift */; };
		807C059720F5111C00E56BF3 /* ViewController.swift in Sources */ = {isa = PBXBuildFile; fileRef = 807C059620F5111C00E56BF3 /* ViewController.swift */; };
		807C059A20F5111C00E56BF3 /* Main.storyboard in Resources */ = {isa = PBXBuildFile; fileRef = 807C059820F5111C00E56BF3 /* Main.storyboard */; };
		807C059C20F5111C00E56BF3 /* Assets.xcassets in Resources */ = {isa = PBXBuildFile; fileRef = 807C059B20F5111C00E56BF3 /* Assets.xcassets */; };
		807C059F20F5111C00E56BF3 /* LaunchScreen.storyboard in Resources */ = {isa = PBXBuildFile; fileRef = 807C059D20F5111C00E56BF3 /* LaunchScreen.storyboard */; };
		807C05AA20F5111C00E56BF3 /* UCPlayerIosTests.swift in Sources */ = {isa = PBXBuildFile; fileRef = 807C05A920F5111C00E56BF3 /* UCPlayerIosTests.swift */; };
		807C05B520F5130900E56BF3 /* Base.framework in Frameworks */ = {isa = PBXBuildFile; fileRef = 807C05B420F5130900E56BF3 /* Base.framework */; };
		807C05B620F5130900E56BF3 /* Base.framework in Embed Frameworks */ = {isa = PBXBuildFile; fileRef = 807C05B420F5130900E56BF3 /* Base.framework */; settings = {ATTRIBUTES = (CodeSignOnCopy, RemoveHeadersOnCopy, ); }; };
/* End PBXBuildFile section */

/* Begin PBXContainerItemProxy section */
		807C05A620F5111C00E56BF3 /* PBXContainerItemProxy */ = {
			isa = PBXContainerItemProxy;
			containerPortal = 807C058920F5111C00E56BF3 /* Project object */;
			proxyType = 1;
			remoteGlobalIDString = 807C059020F5111C00E56BF3;
			remoteInfo = UCPlayerIos;
		};
/* End PBXContainerItemProxy section */

/* Begin PBXCopyFilesBuildPhase section */
		807C05B720F5130900E56BF3 /* Embed Frameworks */ = {
			isa = PBXCopyFilesBuildPhase;
			buildActionMask = 2147483647;
			dstPath = "";
			dstSubfolderSpec = 10;
			files = (
				807C05B620F5130900E56BF3 /* Base.framework in Embed Frameworks */,
			);
			name = "Embed Frameworks";
			runOnlyForDeploymentPostprocessing = 0;
		};
/* End PBXCopyFilesBuildPhase section */

/* Begin PBXFileReference section */
		807C059120F5111C00E56BF3 /* UCPlayerIos.app */ = {isa = PBXFileReference; explicitFileType = wrapper.application; includeInIndex = 0; path = UCPlayerIos.app; sourceTree = BUILT_PRODUCTS_DIR; };
		807C059420F5111C00E56BF3 /* AppDelegate.swift */ = {isa = PBXFileReference; lastKnownFileType = sourcecode.swift; path = AppDelegate.swift; sourceTree = "<group>"; };
		807C059620F5111C00E56BF3 /* ViewController.swift */ = {isa = PBXFileReference; lastKnownFileType = sourcecode.swift; path = ViewController.swift; sourceTree = "<group>"; };
		807C059920F5111C00E56BF3 /* Base */ = {isa = PBXFileReference; lastKnownFileType = file.storyboard; name = Base; path = Base.lproj/Main.storyboard; sourceTree = "<group>"; };
		807C059B20F5111C00E56BF3 /* Assets.xcassets */ = {isa = PBXFileReference; lastKnownFileType = folder.assetcatalog; path = Assets.xcassets; sourceTree = "<group>"; };
		807C059E20F5111C00E56BF3 /* Base */ = {isa = PBXFileReference; lastKnownFileType = file.storyboard; name = Base; path = Base.lproj/LaunchScreen.storyboard; sourceTree = "<group>"; };
		807C05A020F5111C00E56BF3 /* Info.plist */ = {isa = PBXFileReference; lastKnownFileType = text.plist.xml; path = Info.plist; sourceTree = "<group>"; };
		807C05A520F5111C00E56BF3 /* UCPlayerIosTests.xctest */ = {isa = PBXFileReference; explicitFileType = wrapper.cfbundle; includeInIndex = 0; path = UCPlayerIosTests.xctest; sourceTree = BUILT_PRODUCTS_DIR; };
		807C05A920F5111C00E56BF3 /* UCPlayerIosTests.swift */ = {isa = PBXFileReference; lastKnownFileType = sourcecode.swift; path = UCPlayerIosTests.swift; sourceTree = "<group>"; };
		807C05AB20F5111C00E56BF3 /* Info.plist */ = {isa = PBXFileReference; lastKnownFileType = text.plist.xml; path = Info.plist; sourceTree = "<group>"; };
		807C05B420F5130900E56BF3 /* Base.framework */ = {isa = PBXFileReference; lastKnownFileType = wrapper.framework; path = Base.framework; sourceTree = "<group>"; };
/* End PBXFileReference section */

/* Begin PBXFrameworksBuildPhase section */
		807C058E20F5111C00E56BF3 /* Frameworks */ = {
			isa = PBXFrameworksBuildPhase;
			buildActionMask = 2147483647;
			files = (
				807C05B520F5130900E56BF3 /* Base.framework in Frameworks */,
			);
			runOnlyForDeploymentPostprocessing = 0;
		};
		807C05A220F5111C00E56BF3 /* Frameworks */ = {
			isa = PBXFrameworksBuildPhase;
			buildActionMask = 2147483647;
			files = (
			);
			runOnlyForDeploymentPostprocessing = 0;
		};
/* End PBXFrameworksBuildPhase section */

/* Begin PBXGroup section */
		807C058820F5111C00E56BF3 = {
			isa = PBXGroup;
			children = (
				807C05B420F5130900E56BF3 /* Base.framework */,
				807C059320F5111C00E56BF3 /* UCPlayerIos */,
				807C05A820F5111C00E56BF3 /* UCPlayerIosTests */,
				807C059220F5111C00E56BF3 /* Products */,
			);
			sourceTree = "<group>";
		};
		807C059220F5111C00E56BF3 /* Products */ = {
			isa = PBXGroup;
			children = (
				807C059120F5111C00E56BF3 /* UCPlayerIos.app */,
				807C05A520F5111C00E56BF3 /* UCPlayerIosTests.xctest */,
			);
			name = Products;
			sourceTree = "<group>";
		};
		807C059320F5111C00E56BF3 /* UCPlayerIos */ = {
			isa = PBXGroup;
			children = (
				807C059420F5111C00E56BF3 /* AppDelegate.swift */,
				807C059620F5111C00E56BF3 /* ViewController.swift */,
				807C059820F5111C00E56BF3 /* Main.storyboard */,
				807C059B20F5111C00E56BF3 /* Assets.xcassets */,
				807C059D20F5111C00E56BF3 /* LaunchScreen.storyboard */,
				807C05A020F5111C00E56BF3 /* Info.plist */,
			);
			path = UCPlayerIos;
			sourceTree = "<group>";
		};
		807C05A820F5111C00E56BF3 /* UCPlayerIosTests */ = {
			isa = PBXGroup;
			children = (
				807C05A920F5111C00E56BF3 /* UCPlayerIosTests.swift */,
				807C05AB20F5111C00E56BF3 /* Info.plist */,
			);
			path = UCPlayerIosTests;
			sourceTree = "<group>";
		};
/* End PBXGroup section */

/* Begin PBXNativeTarget section */
		807C059020F5111C00E56BF3 /* UCPlayerIos */ = {
			isa = PBXNativeTarget;
			buildConfigurationList = 807C05AE20F5111C00E56BF3 /* Build configuration list for PBXNativeTarget "UCPlayerIos" */;
			buildPhases = (
				807C058D20F5111C00E56BF3 /* Sources */,
				807C058E20F5111C00E56BF3 /* Frameworks */,
				807C058F20F5111C00E56BF3 /* Resources */,
				807C05B720F5130900E56BF3 /* Embed Frameworks */,
			);
			buildRules = (
			);
			dependencies = (
			);
			name = UCPlayerIos;
			productName = UCPlayerIos;
			productReference = 807C059120F5111C00E56BF3 /* UCPlayerIos.app */;
			productType = "com.apple.product-type.application";
		};
		807C05A420F5111C00E56BF3 /* UCPlayerIosTests */ = {
			isa = PBXNativeTarget;
			buildConfigurationList = 807C05B120F5111C00E56BF3 /* Build configuration list for PBXNativeTarget "UCPlayerIosTests" */;
			buildPhases = (
				807C05A120F5111C00E56BF3 /* Sources */,
				807C05A220F5111C00E56BF3 /* Frameworks */,
				807C05A320F5111C00E56BF3 /* Resources */,
			);
			buildRules = (
			);
			dependencies = (
				807C05A720F5111C00E56BF3 /* PBXTargetDependency */,
			);
			name = UCPlayerIosTests;
			productName = UCPlayerIosTests;
			productReference = 807C05A520F5111C00E56BF3 /* UCPlayerIosTests.xctest */;
			productType = "com.apple.product-type.bundle.unit-test";
		};
/* End PBXNativeTarget section */

/* Begin PBXProject section */
		807C058920F5111C00E56BF3 /* Project object */ = {
			isa = PBXProject;
			attributes = {
				LastSwiftUpdateCheck = 0920;
				LastUpgradeCheck = 0920;
				ORGANIZATIONNAME = "Mirko Ilic";
				TargetAttributes = {
					807C059020F5111C00E56BF3 = {
						CreatedOnToolsVersion = 9.2;
						ProvisioningStyle = Automatic;
					};
					807C05A420F5111C00E56BF3 = {
						CreatedOnToolsVersion = 9.2;
						ProvisioningStyle = Automatic;
						TestTargetID = 807C059020F5111C00E56BF3;
					};
				};
			};
			buildConfigurationList = 807C058C20F5111C00E56BF3 /* Build configuration list for PBXProject "UCPlayerIos" */;
			compatibilityVersion = "Xcode 8.0";
			developmentRegion = en;
			hasScannedForEncodings = 0;
			knownRegions = (
				en,
				Base,
			);
			mainGroup = 807C058820F5111C00E56BF3;
			productRefGroup = 807C059220F5111C00E56BF3 /* Products */;
			projectDirPath = "";
			projectRoot = "";
			targets = (
				807C059020F5111C00E56BF3 /* UCPlayerIos */,
				807C05A420F5111C00E56BF3 /* UCPlayerIosTests */,
			);
		};
/* End PBXProject section */

/* Begin PBXResourcesBuildPhase section */
		807C058F20F5111C00E56BF3 /* Resources */ = {
			isa = PBXResourcesBuildPhase;
			buildActionMask = 2147483647;
			files = (
				807C059F20F5111C00E56BF3 /* LaunchScreen.storyboard in Resources */,
				807C059C20F5111C00E56BF3 /* Assets.xcassets in Resources */,
				807C059A20F5111C00E56BF3 /* Main.storyboard in Resources */,
			);
			runOnlyForDeploymentPostprocessing = 0;
		};
		807C05A320F5111C00E56BF3 /* Resources */ = {
			isa = PBXResourcesBuildPhase;
			buildActionMask = 2147483647;
			files = (
			);
			runOnlyForDeploymentPostprocessing = 0;
		};
/* End PBXResourcesBuildPhase section */

/* Begin PBXSourcesBuildPhase section */
		807C058D20F5111C00E56BF3 /* Sources */ = {
			isa = PBXSourcesBuildPhase;
			buildActionMask = 2147483647;
			files = (
				807C059720F5111C00E56BF3 /* ViewController.swift in Sources */,
				807C059520F5111C00E56BF3 /* AppDelegate.swift in Sources */,
			);
			runOnlyForDeploymentPostprocessing = 0;
		};
		807C05A120F5111C00E56BF3 /* Sources */ = {
			isa = PBXSourcesBuildPhase;
			buildActionMask = 2147483647;
			files = (
				807C05AA20F5111C00E56BF3 /* UCPlayerIosTests.swift in Sources */,
			);
			runOnlyForDeploymentPostprocessing = 0;
		};
/* End PBXSourcesBuildPhase section */

/* Begin PBXTargetDependency section */
		807C05A720F5111C00E56BF3 /* PBXTargetDependency */ = {
			isa = PBXTargetDependency;
			target = 807C059020F5111C00E56BF3 /* UCPlayerIos */;
			targetProxy = 807C05A620F5111C00E56BF3 /* PBXContainerItemProxy */;
		};
/* End PBXTargetDependency section */

/* Begin PBXVariantGroup section */
		807C059820F5111C00E56BF3 /* Main.storyboard */ = {
			isa = PBXVariantGroup;
			children = (
				807C059920F5111C00E56BF3 /* Base */,
			);
			name = Main.storyboard;
			sourceTree = "<group>";
		};
		807C059D20F5111C00E56BF3 /* LaunchScreen.storyboard */ = {
			isa = PBXVariantGroup;
			children = (
				807C059E20F5111C00E56BF3 /* Base */,
			);
			name = LaunchScreen.storyboard;
			sourceTree = "<group>";
		};
/* End PBXVariantGroup section */

/* Begin XCBuildConfiguration section */
		807C05AC20F5111C00E56BF3 /* Debug */ = {
			isa = XCBuildConfiguration;
			buildSettings = {
				ALWAYS_SEARCH_USER_PATHS = NO;
				CLANG_ANALYZER_NONNULL = YES;
				CLANG_ANALYZER_NUMBER_OBJECT_CONVERSION = YES_AGGRESSIVE;
				CLANG_CXX_LANGUAGE_STANDARD = "gnu++14";
				CLANG_CXX_LIBRARY = "libc++";
				CLANG_ENABLE_MODULES = YES;
				CLANG_ENABLE_OBJC_ARC = YES;
				CLANG_WARN_BLOCK_CAPTURE_AUTORELEASING = YES;
				CLANG_WARN_BOOL_CONVERSION = YES;
				CLANG_WARN_COMMA = YES;
				CLANG_WARN_CONSTANT_CONVERSION = YES;
				CLANG_WARN_DIRECT_OBJC_ISA_USAGE = YES_ERROR;
				CLANG_WARN_DOCUMENTATION_COMMENTS = YES;
				CLANG_WARN_EMPTY_BODY = YES;
				CLANG_WARN_ENUM_CONVERSION = YES;
				CLANG_WARN_INFINITE_RECURSION = YES;
				CLANG_WARN_INT_CONVERSION = YES;
				CLANG_WARN_NON_LITERAL_NULL_CONVERSION = YES;
				CLANG_WARN_OBJC_LITERAL_CONVERSION = YES;
				CLANG_WARN_OBJC_ROOT_CLASS = YES_ERROR;
				CLANG_WARN_RANGE_LOOP_ANALYSIS = YES;
				CLANG_WARN_STRICT_PROTOTYPES = YES;
				CLANG_WARN_SUSPICIOUS_MOVE = YES;
				CLANG_WARN_UNGUARDED_AVAILABILITY = YES_AGGRESSIVE;
				CLANG_WARN_UNREACHABLE_CODE = YES;
				CLANG_WARN__DUPLICATE_METHOD_MATCH = YES;
				CODE_SIGN_IDENTITY = "iPhone Developer";
				COPY_PHASE_STRIP = NO;
				DEBUG_INFORMATION_FORMAT = dwarf;
				ENABLE_STRICT_OBJC_MSGSEND = YES;
				ENABLE_TESTABILITY = YES;
				GCC_C_LANGUAGE_STANDARD = gnu11;
				GCC_DYNAMIC_NO_PIC = NO;
				GCC_NO_COMMON_BLOCKS = YES;
				GCC_OPTIMIZATION_LEVEL = 0;
				GCC_PREPROCESSOR_DEFINITIONS = (
					"DEBUG=1",
					"$(inherited)",
				);
				GCC_WARN_64_TO_32_BIT_CONVERSION = YES;
				GCC_WARN_ABOUT_RETURN_TYPE = YES_ERROR;
				GCC_WARN_UNDECLARED_SELECTOR = YES;
				GCC_WARN_UNINITIALIZED_AUTOS = YES_AGGRESSIVE;
				GCC_WARN_UNUSED_FUNCTION = YES;
				GCC_WARN_UNUSED_VARIABLE = YES;
				IPHONEOS_DEPLOYMENT_TARGET = 11.2;
				MTL_ENABLE_DEBUG_INFO = YES;
				ONLY_ACTIVE_ARCH = YES;
				SDKROOT = iphoneos;
				SWIFT_ACTIVE_COMPILATION_CONDITIONS = DEBUG;
				SWIFT_OPTIMIZATION_LEVEL = "-Onone";
			};
			name = Debug;
		};
		807C05AD20F5111C00E56BF3 /* Release */ = {
			isa = XCBuildConfiguration;
			buildSettings = {
				ALWAYS_SEARCH_USER_PATHS = NO;
				CLANG_ANALYZER_NONNULL = YES;
				CLANG_ANALYZER_NUMBER_OBJECT_CONVERSION = YES_AGGRESSIVE;
				CLANG_CXX_LANGUAGE_STANDARD = "gnu++14";
				CLANG_CXX_LIBRARY = "libc++";
				CLANG_ENABLE_MODULES = YES;
				CLANG_ENABLE_OBJC_ARC = YES;
				CLANG_WARN_BLOCK_CAPTURE_AUTORELEASING = YES;
				CLANG_WARN_BOOL_CONVERSION = YES;
				CLANG_WARN_COMMA = YES;
				CLANG_WARN_CONSTANT_CONVERSION = YES;
				CLANG_WARN_DIRECT_OBJC_ISA_USAGE = YES_ERROR;
				CLANG_WARN_DOCUMENTATION_COMMENTS = YES;
				CLANG_WARN_EMPTY_BODY = YES;
				CLANG_WARN_ENUM_CONVERSION = YES;
				CLANG_WARN_INFINITE_RECURSION = YES;
				CLANG_WARN_INT_CONVERSION = YES;
				CLANG_WARN_NON_LITERAL_NULL_CONVERSION = YES;
				CLANG_WARN_OBJC_LITERAL_CONVERSION = YES;
				CLANG_WARN_OBJC_ROOT_CLASS = YES_ERROR;
				CLANG_WARN_RANGE_LOOP_ANALYSIS = YES;
				CLANG_WARN_STRICT_PROTOTYPES = YES;
				CLANG_WARN_SUSPICIOUS_MOVE = YES;
				CLANG_WARN_UNGUARDED_AVAILABILITY = YES_AGGRESSIVE;
				CLANG_WARN_UNREACHABLE_CODE = YES;
				CLANG_WARN__DUPLICATE_METHOD_MATCH = YES;
				CODE_SIGN_IDENTITY = "iPhone Developer";
				COPY_PHASE_STRIP = NO;
				DEBUG_INFORMATION_FORMAT = "dwarf-with-dsym";
				ENABLE_NS_ASSERTIONS = NO;
				ENABLE_STRICT_OBJC_MSGSEND = YES;
				GCC_C_LANGUAGE_STANDARD = gnu11;
				GCC_NO_COMMON_BLOCKS = YES;
				GCC_WARN_64_TO_32_BIT_CONVERSION = YES;
				GCC_WARN_ABOUT_RETURN_TYPE = YES_ERROR;
				GCC_WARN_UNDECLARED_SELECTOR = YES;
				GCC_WARN_UNINITIALIZED_AUTOS = YES_AGGRESSIVE;
				GCC_WARN_UNUSED_FUNCTION = YES;
				GCC_WARN_UNUSED_VARIABLE = YES;
				IPHONEOS_DEPLOYMENT_TARGET = 11.2;
				MTL_ENABLE_DEBUG_INFO = NO;
				SDKROOT = iphoneos;
				SWIFT_OPTIMIZATION_LEVEL = "-Owholemodule";
				VALIDATE_PRODUCT = YES;
			};
			name = Release;
		};
		807C05AF20F5111C00E56BF3 /* Debug */ = {
			isa = XCBuildConfiguration;
			buildSettings = {
				ASSETCATALOG_COMPILER_APPICON_NAME = AppIcon;
				CODE_SIGN_STYLE = Automatic;
				FRAMEWORK_SEARCH_PATHS = (
					"$(inherited)",
					"$(PROJECT_DIR)",
				);
				INFOPLIST_FILE = UCPlayerIos/Info.plist;
				LD_RUNPATH_SEARCH_PATHS = "$(inherited) @executable_path/Frameworks";
				PRODUCT_BUNDLE_IDENTIFIER = uc.stream.UCPlayerIos;
				PRODUCT_NAME = "$(TARGET_NAME)";
				SWIFT_VERSION = 4.0;
				TARGETED_DEVICE_FAMILY = "1,2";
			};
			name = Debug;
		};
		807C05B020F5111C00E56BF3 /* Release */ = {
			isa = XCBuildConfiguration;
			buildSettings = {
				ASSETCATALOG_COMPILER_APPICON_NAME = AppIcon;
				CODE_SIGN_STYLE = Automatic;
				FRAMEWORK_SEARCH_PATHS = (
					"$(inherited)",
					"$(PROJECT_DIR)",
				);
				INFOPLIST_FILE = UCPlayerIos/Info.plist;
				LD_RUNPATH_SEARCH_PATHS = "$(inherited) @executable_path/Frameworks";
				PRODUCT_BUNDLE_IDENTIFIER = uc.stream.UCPlayerIos;
				PRODUCT_NAME = "$(TARGET_NAME)";
				SWIFT_VERSION = 4.0;
				TARGETED_DEVICE_FAMILY = "1,2";
			};
			name = Release;
		};
		807C05B220F5111C00E56BF3 /* Debug */ = {
			isa = XCBuildConfiguration;
			buildSettings = {
				ALWAYS_EMBED_SWIFT_STANDARD_LIBRARIES = YES;
				BUNDLE_LOADER = "$(TEST_HOST)";
				CODE_SIGN_STYLE = Automatic;
				INFOPLIST_FILE = UCPlayerIosTests/Info.plist;
				LD_RUNPATH_SEARCH_PATHS = "$(inherited) @executable_path/Frameworks @loader_path/Frameworks";
				PRODUCT_BUNDLE_IDENTIFIER = uc.stream.UCPlayerIosTests;
				PRODUCT_NAME = "$(TARGET_NAME)";
				SWIFT_VERSION = 4.0;
				TARGETED_DEVICE_FAMILY = "1,2";
				TEST_HOST = "$(BUILT_PRODUCTS_DIR)/UCPlayerIos.app/UCPlayerIos";
			};
			name = Debug;
		};
		807C05B320F5111C00E56BF3 /* Release */ = {
			isa = XCBuildConfiguration;
			buildSettings = {
				ALWAYS_EMBED_SWIFT_STANDARD_LIBRARIES = YES;
				BUNDLE_LOADER = "$(TEST_HOST)";
				CODE_SIGN_STYLE = Automatic;
				INFOPLIST_FILE = UCPlayerIosTests/Info.plist;
				LD_RUNPATH_SEARCH_PATHS = "$(inherited) @executable_path/Frameworks @loader_path/Frameworks";
				PRODUCT_BUNDLE_IDENTIFIER = uc.stream.UCPlayerIosTests;
				PRODUCT_NAME = "$(TARGET_NAME)";
				SWIFT_VERSION = 4.0;
				TARGETED_DEVICE_FAMILY = "1,2";
				TEST_HOST = "$(BUILT_PRODUCTS_DIR)/UCPlayerIos.app/UCPlayerIos";
			};
			name = Release;
		};
/* End XCBuildConfiguration section */

/* Begin XCConfigurationList section */
		807C058C20F5111C00E56BF3 /* Build configuration list for PBXProject "UCPlayerIos" */ = {
			isa = XCConfigurationList;
			buildConfigurations = (
				807C05AC20F5111C00E56BF3 /* Debug */,
				807C05AD20F5111C00E56BF3 /* Release */,
			);
			defaultConfigurationIsVisible = 0;
			defaultConfigurationName = Release;
		};
		807C05AE20F5111C00E56BF3 /* Build configuration list for PBXNativeTarget "UCPlayerIos" */ = {
			isa = XCConfigurationList;
			buildConfigurations = (
				807C05AF20F5111C00E56BF3 /* Debug */,
				807C05B020F5111C00E56BF3 /* Release */,
			);
			defaultConfigurationIsVisible = 0;
			defaultConfigurationName = Release;
		};
		807C05B120F5111C00E56BF3 /* Build configuration list for PBXNativeTarget "UCPlayerIosTests" */ = {
			isa = XCConfigurationList;
			buildConfigurations = (
				807C05B220F5111C00E56BF3 /* Debug */,
				807C05B320F5111C00E56BF3 /* Release */,
			);
			defaultConfigurationIsVisible = 0;
			defaultConfigurationName = Release;
		};
/* End XCConfigurationList section */
	};
	rootObject = 807C058920F5111C00E56BF3 /* Project object */;
}
